// !$*UTF8*$!
{
	archiveVersion = 1;
	classes = {
	};
	objectVersion = 46;
	objects = {

/* Begin PBXBuildFile section */
		CA69DC061EEB33D0007A3B5A /* AppDelegate.swift in Sources */ = {isa = PBXBuildFile; fileRef = CA69DC051EEB33D0007A3B5A /* AppDelegate.swift */; };
		CA69DC081EEB33D0007A3B5A /* ViewController.swift in Sources */ = {isa = PBXBuildFile; fileRef = CA69DC071EEB33D0007A3B5A /* ViewController.swift */; };
		CA69DC0B1EEB33D0007A3B5A /* Main.storyboard in Resources */ = {isa = PBXBuildFile; fileRef = CA69DC091EEB33D0007A3B5A /* Main.storyboard */; };
		CA69DC0D1EEB33D0007A3B5A /* Assets.xcassets in Resources */ = {isa = PBXBuildFile; fileRef = CA69DC0C1EEB33D0007A3B5A /* Assets.xcassets */; };
		CA69DC101EEB33D0007A3B5A /* LaunchScreen.storyboard in Resources */ = {isa = PBXBuildFile; fileRef = CA69DC0E1EEB33D0007A3B5A /* LaunchScreen.storyboard */; };
/* End PBXBuildFile section */

/* Begin PBXFileReference section */
		CA69DC021EEB33D0007A3B5A /* Scribe.app */ = {isa = PBXFileReference; explicitFileType = wrapper.application; includeInIndex = 0; path = Scribe.app; sourceTree = BUILT_PRODUCTS_DIR; };
		CA69DC051EEB33D0007A3B5A /* AppDelegate.swift */ = {isa = PBXFileReference; lastKnownFileType = sourcecode.swift; path = AppDelegate.swift; sourceTree = "<group>"; };
		CA69DC071EEB33D0007A3B5A /* ViewController.swift */ = {isa = PBXFileReference; lastKnownFileType = sourcecode.swift; path = ViewController.swift; sourceTree = "<group>"; };
		CA69DC0A1EEB33D0007A3B5A /* Base */ = {isa = PBXFileReference; lastKnownFileType = file.storyboard; name = Base; path = Base.lproj/Main.storyboard; sourceTree = "<group>"; };
		CA69DC0C1EEB33D0007A3B5A /* Assets.xcassets */ = {isa = PBXFileReference; lastKnownFileType = folder.assetcatalog; path = Assets.xcassets; sourceTree = "<group>"; };
		CA69DC0F1EEB33D0007A3B5A /* Base */ = {isa = PBXFileReference; lastKnownFileType = file.storyboard; name = Base; path = Base.lproj/LaunchScreen.storyboard; sourceTree = "<group>"; };
		CA69DC111EEB33D0007A3B5A /* Info.plist */ = {isa = PBXFileReference; lastKnownFileType = text.plist.xml; path = Info.plist; sourceTree = "<group>"; };
/* End PBXFileReference section */

/* Begin PBXFrameworksBuildPhase section */
		CA69DBFF1EEB33D0007A3B5A /* Frameworks */ = {
			isa = PBXFrameworksBuildPhase;
			buildActionMask = 2147483647;
			files = (
			);
			runOnlyForDeploymentPostprocessing = 0;
		};
/* End PBXFrameworksBuildPhase section */

/* Begin PBXGroup section */
		CA69DBF91EEB33D0007A3B5A = {
			isa = PBXGroup;
			children = (
				CA69DC041EEB33D0007A3B5A /* Scribe */,
				CA69DC031EEB33D0007A3B5A /* Products */,
			);
			sourceTree = "<group>";
		};
		CA69DC031EEB33D0007A3B5A /* Products */ = {
			isa = PBXGroup;
			children = (
				CA69DC021EEB33D0007A3B5A /* Scribe.app */,
			);
			name = Products;
			sourceTree = "<group>";
		};
		CA69DC041EEB33D0007A3B5A /* Scribe */ = {
			isa = PBXGroup;
			children = (
				CA69DC051EEB33D0007A3B5A /* AppDelegate.swift */,
				CA69DC071EEB33D0007A3B5A /* ViewController.swift */,
				CA69DC091EEB33D0007A3B5A /* Main.storyboard */,
				CA69DC0C1EEB33D0007A3B5A /* Assets.xcassets */,
				CA69DC0E1EEB33D0007A3B5A /* LaunchScreen.storyboard */,
				CA69DC111EEB33D0007A3B5A /* Info.plist */,
			);
			path = Scribe;
			sourceTree = "<group>";
		};
/* End PBXGroup section */

/* Begin PBXNativeTarget section */
		CA69DC011EEB33D0007A3B5A /* Scribe */ = {
			isa = PBXNativeTarget;
			buildConfigurationList = CA69DC141EEB33D0007A3B5A /* Build configuration list for PBXNativeTarget "Scribe" */;
			buildPhases = (
				CA69DBFE1EEB33D0007A3B5A /* Sources */,
				CA69DBFF1EEB33D0007A3B5A /* Frameworks */,
				CA69DC001EEB33D0007A3B5A /* Resources */,
			);
			buildRules = (
			);
			dependencies = (
			);
			name = Scribe;
			productName = Scribe;
			productReference = CA69DC021EEB33D0007A3B5A /* Scribe.app */;
			productType = "com.apple.product-type.application";
		};
/* End PBXNativeTarget section */

/* Begin PBXProject section */
		CA69DBFA1EEB33D0007A3B5A /* Project object */ = {
			isa = PBXProject;
			attributes = {
				LastSwiftUpdateCheck = 0830;
				LastUpgradeCheck = 0830;
				ORGANIZATIONNAME = "JMLeaux LLC";
				TargetAttributes = {
					CA69DC011EEB33D0007A3B5A = {
						CreatedOnToolsVersion = 8.3.3;
						DevelopmentTeam = 2P82N6PF63;
						ProvisioningStyle = Automatic;
					};
				};
			};
			buildConfigurationList = CA69DBFD1EEB33D0007A3B5A /* Build configuration list for PBXProject "Scribe" */;
			compatibilityVersion = "Xcode 3.2";
			developmentRegion = English;
			hasScannedForEncodings = 0;
			knownRegions = (
				en,
				Base,
			);
			mainGroup = CA69DBF91EEB33D0007A3B5A;
			productRefGroup = CA69DC031EEB33D0007A3B5A /* Products */;
			projectDirPath = "";
			projectRoot = "";
			targets = (
				CA69DC011EEB33D0007A3B5A /* Scribe */,
			);
		};
/* End PBXProject section */

/* Begin PBXResourcesBuildPhase section */
		CA69DC001EEB33D0007A3B5A /* Resources */ = {
			isa = PBXResourcesBuildPhase;
			buildActionMask = 2147483647;
			files = (
				CA69DC101EEB33D0007A3B5A /* LaunchScreen.storyboard in Resources */,
				CA69DC0D1EEB33D0007A3B5A /* Assets.xcassets in Resources */,
				CA69DC0B1EEB33D0007A3B5A /* Main.storyboard in Resources */,
			);
			runOnlyForDeploymentPostprocessing = 0;
		};
/* End PBXResourcesBuildPhase section */

/* Begin PBXSourcesBuildPhase section */
		CA69DBFE1EEB33D0007A3B5A /* Sources */ = {
			isa = PBXSourcesBuildPhase;
			buildActionMask = 2147483647;
			files = (
				CA69DC081EEB33D0007A3B5A /* ViewController.swift in Sources */,
				CA69DC061EEB33D0007A3B5A /* AppDelegate.swift in Sources */,
			);
			runOnlyForDeploymentPostprocessing = 0;
		};
/* End PBXSourcesBuildPhase section */

/* Begin PBXVariantGroup section */
		CA69DC091EEB33D0007A3B5A /* Main.storyboard */ = {
			isa = PBXVariantGroup;
			children = (
				CA69DC0A1EEB33D0007A3B5A /* Base */,
			);
			name = Main.storyboard;
			sourceTree = "<group>";
		};
		CA69DC0E1EEB33D0007A3B5A /* LaunchScreen.storyboard */ = {
			isa = PBXVariantGroup;
			children = (
				CA69DC0F1EEB33D0007A3B5A /* Base */,
			);
			name = LaunchScreen.storyboard;
			sourceTree = "<group>";
		};
/* End PBXVariantGroup section */

/* Begin XCBuildConfiguration section */
		CA69DC121EEB33D0007A3B5A /* Debug */ = {
			isa = XCBuildConfiguration;
			buildSettings = {
				ALWAYS_SEARCH_USER_PATHS = NO;
				CLANG_ANALYZER_NONNULL = YES;
				CLANG_ANALYZER_NUMBER_OBJECT_CONVERSION = YES_AGGRESSIVE;
				CLANG_CXX_LANGUAGE_STANDARD = "gnu++0x";
				CLANG_CXX_LIBRARY = "libc++";
				CLANG_ENABLE_MODULES = YES;
				CLANG_ENABLE_OBJC_ARC = YES;
				CLANG_WARN_BOOL_CONVERSION = YES;
				CLANG_WARN_CONSTANT_CONVERSION = YES;
				CLANG_WARN_DIRECT_OBJC_ISA_USAGE = YES_ERROR;
				CLANG_WARN_DOCUMENTATION_COMMENTS = YES;
				CLANG_WARN_EMPTY_BODY = YES;
				CLANG_WARN_ENUM_CONVERSION = YES;
				CLANG_WARN_INFINITE_RECURSION = YES;
				CLANG_WARN_INT_CONVERSION = YES;
				CLANG_WARN_OBJC_ROOT_CLASS = YES_ERROR;
				CLANG_WARN_SUSPICIOUS_MOVE = YES;
				CLANG_WARN_UNREACHABLE_CODE = YES;
				CLANG_WARN__DUPLICATE_METHOD_MATCH = YES;
				"CODE_SIGN_IDENTITY[sdk=iphoneos*]" = "iPhone Developer";
				COPY_PHASE_STRIP = NO;
				DEBUG_INFORMATION_FORMAT = dwarf;
				ENABLE_STRICT_OBJC_MSGSEND = YES;
				ENABLE_TESTABILITY = YES;
				GCC_C_LANGUAGE_STANDARD = gnu99;
				GCC_DYNAMIC_NO_PIC = NO;
				GCC_NO_COMMON_BLOCKS = YES;
				GCC_OPTIMIZATION_LEVEL = 0;
				GCC_PREPROCESSOR_DEFINITIONS = (
					"DEBUG=1",
					"$(inherited)",
				);
				GCC_WARN_64_TO_32_BIT_CONVERSION = YES;
				GCC_WARN_ABOUT_RETURN_TYPE = YES_ERROR;
				GCC_WARN_UNDECLARED_SELECTOR = YES;
				GCC_WARN_UNINITIALIZED_AUTOS = YES_AGGRESSIVE;
				GCC_WARN_UNUSED_FUNCTION = YES;
				GCC_WARN_UNUSED_VARIABLE = YES;
				IPHONEOS_DEPLOYMENT_TARGET = 10.3;
				MTL_ENABLE_DEBUG_INFO = YES;
				ONLY_ACTIVE_ARCH = YES;
				SDKROOT = iphoneos;
				SWIFT_ACTIVE_COMPILATION_CONDITIONS = DEBUG;
				SWIFT_OPTIMIZATION_LEVEL = "-Onone";
				TARGETED_DEVICE_FAMILY = "1,2";
			};
			name = Debug;
		};
		CA69DC131EEB33D0007A3B5A /* Release */ = {
			isa = XCBuildConfiguration;
			buildSettings = {
				ALWAYS_SEARCH_USER_PATHS = NO;
				CLANG_ANALYZER_NONNULL = YES;
				CLANG_ANALYZER_NUMBER_OBJECT_CONVERSION = YES_AGGRESSIVE;
				CLANG_CXX_LANGUAGE_STANDARD = "gnu++0x";
				CLANG_CXX_LIBRARY = "libc++";
				CLANG_ENABLE_MODULES = YES;
				CLANG_ENABLE_OBJC_ARC = YES;
				CLANG_WARN_BOOL_CONVERSION = YES;
				CLANG_WARN_CONSTANT_CONVERSION = YES;
				CLANG_WARN_DIRECT_OBJC_ISA_USAGE = YES_ERROR;
				CLANG_WARN_DOCUMENTATION_COMMENTS = YES;
				CLANG_WARN_EMPTY_BODY = YES;
				CLANG_WARN_ENUM_CONVERSION = YES;
				CLANG_WARN_INFINITE_RECURSION = YES;
				CLANG_WARN_INT_CONVERSION = YES;
				CLANG_WARN_OBJC_ROOT_CLASS = YES_ERROR;
				CLANG_WARN_SUSPICIOUS_MOVE = YES;
				CLANG_WARN_UNREACHABLE_CODE = YES;
				CLANG_WARN__DUPLICATE_METHOD_MATCH = YES;
				"CODE_SIGN_IDENTITY[sdk=iphoneos*]" = "iPhone Developer";
				COPY_PHASE_STRIP = NO;
				DEBUG_INFORMATION_FORMAT = "dwarf-with-dsym";
				ENABLE_NS_ASSERTIONS = NO;
				ENABLE_STRICT_OBJC_MSGSEND = YES;
				GCC_C_LANGUAGE_STANDARD = gnu99;
				GCC_NO_COMMON_BLOCKS = YES;
				GCC_WARN_64_TO_32_BIT_CONVERSION = YES;
				GCC_WARN_ABOUT_RETURN_TYPE = YES_ERROR;
				GCC_WARN_UNDECLARED_SELECTOR = YES;
				GCC_WARN_UNINITIALIZED_AUTOS = YES_AGGRESSIVE;
				GCC_WARN_UNUSED_FUNCTION = YES;
				GCC_WARN_UNUSED_VARIABLE = YES;
				IPHONEOS_DEPLOYMENT_TARGET = 10.3;
				MTL_ENABLE_DEBUG_INFO = NO;
				SDKROOT = iphoneos;
				SWIFT_OPTIMIZATION_LEVEL = "-Owholemodule";
				TARGETED_DEVICE_FAMILY = "1,2";
				VALIDATE_PRODUCT = YES;
			};
			name = Release;
		};
		CA69DC151EEB33D0007A3B5A /* Debug */ = {
			isa = XCBuildConfiguration;
			buildSettings = {
				ASSETCATALOG_COMPILER_APPICON_NAME = AppIcon;
				DEVELOPMENT_TEAM = 2P82N6PF63;
				INFOPLIST_FILE = Scribe/Info.plist;
				LD_RUNPATH_SEARCH_PATHS = "$(inherited) @executable_path/Frameworks";
				PRODUCT_BUNDLE_IDENTIFIER = net.jmlowe.Scribe;
				PRODUCT_NAME = "$(TARGET_NAME)";
				SWIFT_VERSION = 3.0;
			};
			name = Debug;
		};
		CA69DC161EEB33D0007A3B5A /* Release */ = {
			isa = XCBuildConfiguration;
			buildSettings = {
				ASSETCATALOG_COMPILER_APPICON_NAME = AppIcon;
				DEVELOPMENT_TEAM = 2P82N6PF63;
				INFOPLIST_FILE = Scribe/Info.plist;
				LD_RUNPATH_SEARCH_PATHS = "$(inherited) @executable_path/Frameworks";
				PRODUCT_BUNDLE_IDENTIFIER = net.jmlowe.Scribe;
				PRODUCT_NAME = "$(TARGET_NAME)";
				SWIFT_VERSION = 3.0;
			};
			name = Release;
		};
/* End XCBuildConfiguration section */

/* Begin XCConfigurationList section */
		CA69DBFD1EEB33D0007A3B5A /* Build configuration list for PBXProject "Scribe" */ = {
			isa = XCConfigurationList;
			buildConfigurations = (
				CA69DC121EEB33D0007A3B5A /* Debug */,
				CA69DC131EEB33D0007A3B5A /* Release */,
			);
			defaultConfigurationIsVisible = 0;
			defaultConfigurationName = Release;
		};
		CA69DC141EEB33D0007A3B5A /* Build configuration list for PBXNativeTarget "Scribe" */ = {
			isa = XCConfigurationList;
			buildConfigurations = (
				CA69DC151EEB33D0007A3B5A /* Debug */,
				CA69DC161EEB33D0007A3B5A /* Release */,
			);
			defaultConfigurationIsVisible = 0;
		};
/* End XCConfigurationList section */
	};
	rootObject = CA69DBFA1EEB33D0007A3B5A /* Project object */;
}
